
Microsoft Visual Studio Solution File, Format Version 12.00
# Visual Studio Version 17
VisualStudioVersion = 17.11.35219.272
MinimumVisualStudioVersion = 10.0.40219.1
Project("{9A19103F-16F7-4668-BE54-9A1E7A4F7556}") = "DecontWebApp", "DecontWebApp\DecontWebApp.csproj", "{240711FF-C4E0-43E4-9C45-1485364DBA82}"
EndProject
Project("{9A19103F-16F7-4668-BE54-9A1E7A4F7556}") = "DecontWebApp.Client", "DecontWebApp.Client\DecontWebApp.Client.csproj", "{DC14FAA0-6724-4F18-817A-FE8A94F04FB4}"
EndProject
Project("{9A19103F-16F7-4668-BE54-9A1E7A4F7556}") = "BusinessModels", "..\BusinessModels\BusinessModels.csproj", "{1ECECDEF-6563-4CFA-974D-15A6974FB7F9}"
EndProject
Project("{9A19103F-16F7-4668-BE54-9A1E7A4F7556}") = "DecontDbContext", "..\DecontDbContext\DecontDbContext.csproj", "{831CF21C-D8B4-4603-BE21-B2F00B78BA45}"
EndProject
Project("{9A19103F-16F7-4668-BE54-9A1E7A4F7556}") = "DecontWebAPI", "..\DecontWebAPI\DecontWebAPI.csproj", "{57F59FD2-57EF-4517-A006-5B4703527DCE}"
EndProject
Project("{9A19103F-16F7-4668-BE54-9A1E7A4F7556}") = "RepositoryLayerProject", "..\RepositoryLayerProject\RepositoryLayerProject.csproj", "{7AEE05B7-3EAA-45D3-8461-7E3DEDCF4D05}"
EndProject
Project("{9A19103F-16F7-4668-BE54-9A1E7A4F7556}") = "BlazorWASM", "BlazorWASM\BlazorWASM.csproj", "{1C321ADB-AEBF-433F-B9F1-76C3A8C88F6E}"
EndProject
Global
	GlobalSection(SolutionConfigurationPlatforms) = preSolution
		Debug|Any CPU = Debug|Any CPU
		Release|Any CPU = Release|Any CPU
	EndGlobalSection
	GlobalSection(ProjectConfigurationPlatforms) = postSolution
		{240711FF-C4E0-43E4-9C45-1485364DBA82}.Debug|Any CPU.ActiveCfg = Debug|Any CPU
		{240711FF-C4E0-43E4-9C45-1485364DBA82}.Debug|Any CPU.Build.0 = Debug|Any CPU
		{240711FF-C4E0-43E4-9C45-1485364DBA82}.Release|Any CPU.ActiveCfg = Release|Any CPU
		{240711FF-C4E0-43E4-9C45-1485364DBA82}.Release|Any CPU.Build.0 = Release|Any CPU
		{DC14FAA0-6724-4F18-817A-FE8A94F04FB4}.Debug|Any CPU.ActiveCfg = Debug|Any CPU
		{DC14FAA0-6724-4F18-817A-FE8A94F04FB4}.Debug|Any CPU.Build.0 = Debug|Any CPU
		{DC14FAA0-6724-4F18-817A-FE8A94F04FB4}.Release|Any CPU.ActiveCfg = Release|Any CPU
		{DC14FAA0-6724-4F18-817A-FE8A94F04FB4}.Release|Any CPU.Build.0 = Release|Any CPU
		{1ECECDEF-6563-4CFA-974D-15A6974FB7F9}.Debug|Any CPU.ActiveCfg = Debug|Any CPU
		{1ECECDEF-6563-4CFA-974D-15A6974FB7F9}.Debug|Any CPU.Build.0 = Debug|Any CPU
		{1ECECDEF-6563-4CFA-974D-15A6974FB7F9}.Release|Any CPU.ActiveCfg = Release|Any CPU
		{1ECECDEF-6563-4CFA-974D-15A6974FB7F9}.Release|Any CPU.Build.0 = Release|Any CPU
		{831CF21C-D8B4-4603-BE21-B2F00B78BA45}.Debug|Any CPU.ActiveCfg = Debug|Any CPU
		{831CF21C-D8B4-4603-BE21-B2F00B78BA45}.Debug|Any CPU.Build.0 = Debug|Any CPU
		{831CF21C-D8B4-4603-BE21-B2F00B78BA45}.Release|Any CPU.ActiveCfg = Release|Any CPU
		{831CF21C-D8B4-4603-BE21-B2F00B78BA45}.Release|Any CPU.Build.0 = Release|Any CPU
		{57F59FD2-57EF-4517-A006-5B4703527DCE}.Debug|Any CPU.ActiveCfg = Debug|Any CPU
		{57F59FD2-57EF-4517-A006-5B4703527DCE}.Debug|Any CPU.Build.0 = Debug|Any CPU
		{57F59FD2-57EF-4517-A006-5B4703527DCE}.Release|Any CPU.ActiveCfg = Release|Any CPU
		{57F59FD2-57EF-4517-A006-5B4703527DCE}.Release|Any CPU.Build.0 = Release|Any CPU
		{7AEE05B7-3EAA-45D3-8461-7E3DEDCF4D05}.Debug|Any CPU.ActiveCfg = Debug|Any CPU
		{7AEE05B7-3EAA-45D3-8461-7E3DEDCF4D05}.Debug|Any CPU.Build.0 = Debug|Any CPU
		{7AEE05B7-3EAA-45D3-8461-7E3DEDCF4D05}.Release|Any CPU.ActiveCfg = Release|Any CPU
		{7AEE05B7-3EAA-45D3-8461-7E3DEDCF4D05}.Release|Any CPU.Build.0 = Release|Any CPU
		{1C321ADB-AEBF-433F-B9F1-76C3A8C88F6E}.Debug|Any CPU.ActiveCfg = Debug|Any CPU
		{1C321ADB-AEBF-433F-B9F1-76C3A8C88F6E}.Debug|Any CPU.Build.0 = Debug|Any CPU
		{1C321ADB-AEBF-433F-B9F1-76C3A8C88F6E}.Release|Any CPU.ActiveCfg = Release|Any CPU
		{1C321ADB-AEBF-433F-B9F1-76C3A8C88F6E}.Release|Any CPU.Build.0 = Release|Any CPU
	EndGlobalSection
	GlobalSection(SolutionProperties) = preSolution
		HideSolutionNode = FALSE
	EndGlobalSection
	GlobalSection(ExtensibilityGlobals) = postSolution
		SolutionGuid = {3C667F77-2A7B-4058-BE16-B7E4A739A68C}
	EndGlobalSection
EndGlobal
