
Microsoft Visual Studio Solution File, Format Version 12.00
# Visual Studio Version 17
VisualStudioVersion = 17.2.32505.173
MinimumVisualStudioVersion = 10.0.40219.1
Project("{9A19103F-16F7-4668-BE54-9A1E7A4F7556}") = "Console_Apelare_API", "Console_Apelare_API.csproj", "{F7A3211D-95BB-4895-8D1D-830D4280A1D0}"
EndProject
Project("{FAE04EC0-301F-11D3-BF4B-00C04F79EFBC}") = "CompanyFinderAPICall", "..\CompanyFinderAPICall\CompanyFinderAPICall.csproj", "{6ACAC040-C657-4B14-863A-AC3A1A635C13}"
EndProject
Project("{9A19103F-16F7-4668-BE54-9A1E7A4F7556}") = "DataRepositoryProject", "..\DataRepositoryProject\DataRepositoryProject.csproj", "{E0CAB3A0-48F6-4DD9-9A97-59B35A765D4B}"
EndProject
Project("{9A19103F-16F7-4668-BE54-9A1E7A4F7556}") = "WebAPI", "..\WebAPI\WebAPI.csproj", "{6E45DCEB-8B65-44AF-B88A-07F83BD14C63}"
EndProject
Project("{9A19103F-16F7-4668-BE54-9A1E7A4F7556}") = "CompanyProject", "..\CompanyProject\CompanyProject.csproj", "{36D5F6E5-975B-45CA-BC1C-2509355930B2}"
EndProject
Project("{9A19103F-16F7-4668-BE54-9A1E7A4F7556}") = "MessageAPIObjectProject", "..\MessageAPIObjectProject\MessageAPIObjectProject.csproj", "{4778025C-C00E-43AF-B5A9-99D743C4F0D9}"
EndProject
Global
	GlobalSection(SolutionConfigurationPlatforms) = preSolution
		Debug|Any CPU = Debug|Any CPU
		Release|Any CPU = Release|Any CPU
	EndGlobalSection
	GlobalSection(ProjectConfigurationPlatforms) = postSolution
		{F7A3211D-95BB-4895-8D1D-830D4280A1D0}.Debug|Any CPU.ActiveCfg = Debug|Any CPU
		{F7A3211D-95BB-4895-8D1D-830D4280A1D0}.Debug|Any CPU.Build.0 = Debug|Any CPU
		{F7A3211D-95BB-4895-8D1D-830D4280A1D0}.Release|Any CPU.ActiveCfg = Release|Any CPU
		{F7A3211D-95BB-4895-8D1D-830D4280A1D0}.Release|Any CPU.Build.0 = Release|Any CPU
		{6ACAC040-C657-4B14-863A-AC3A1A635C13}.Debug|Any CPU.ActiveCfg = Debug|Any CPU
		{6ACAC040-C657-4B14-863A-AC3A1A635C13}.Debug|Any CPU.Build.0 = Debug|Any CPU
		{6ACAC040-C657-4B14-863A-AC3A1A635C13}.Release|Any CPU.ActiveCfg = Release|Any CPU
		{6ACAC040-C657-4B14-863A-AC3A1A635C13}.Release|Any CPU.Build.0 = Release|Any CPU
		{E0CAB3A0-48F6-4DD9-9A97-59B35A765D4B}.Debug|Any CPU.ActiveCfg = Debug|Any CPU
		{E0CAB3A0-48F6-4DD9-9A97-59B35A765D4B}.Debug|Any CPU.Build.0 = Debug|Any CPU
		{E0CAB3A0-48F6-4DD9-9A97-59B35A765D4B}.Release|Any CPU.ActiveCfg = Release|Any CPU
		{E0CAB3A0-48F6-4DD9-9A97-59B35A765D4B}.Release|Any CPU.Build.0 = Release|Any CPU
		{6E45DCEB-8B65-44AF-B88A-07F83BD14C63}.Debug|Any CPU.ActiveCfg = Debug|Any CPU
		{6E45DCEB-8B65-44AF-B88A-07F83BD14C63}.Debug|Any CPU.Build.0 = Debug|Any CPU
		{6E45DCEB-8B65-44AF-B88A-07F83BD14C63}.Release|Any CPU.ActiveCfg = Release|Any CPU
		{6E45DCEB-8B65-44AF-B88A-07F83BD14C63}.Release|Any CPU.Build.0 = Release|Any CPU
		{36D5F6E5-975B-45CA-BC1C-2509355930B2}.Debug|Any CPU.ActiveCfg = Debug|Any CPU
		{36D5F6E5-975B-45CA-BC1C-2509355930B2}.Debug|Any CPU.Build.0 = Debug|Any CPU
		{36D5F6E5-975B-45CA-BC1C-2509355930B2}.Release|Any CPU.ActiveCfg = Release|Any CPU
		{36D5F6E5-975B-45CA-BC1C-2509355930B2}.Release|Any CPU.Build.0 = Release|Any CPU
		{4778025C-C00E-43AF-B5A9-99D743C4F0D9}.Debug|Any CPU.ActiveCfg = Debug|Any CPU
		{4778025C-C00E-43AF-B5A9-99D743C4F0D9}.Debug|Any CPU.Build.0 = Debug|Any CPU
		{4778025C-C00E-43AF-B5A9-99D743C4F0D9}.Release|Any CPU.ActiveCfg = Release|Any CPU
		{4778025C-C00E-43AF-B5A9-99D743C4F0D9}.Release|Any CPU.Build.0 = Release|Any CPU
	EndGlobalSection
	GlobalSection(SolutionProperties) = preSolution
		HideSolutionNode = FALSE
	EndGlobalSection
	GlobalSection(ExtensibilityGlobals) = postSolution
		SolutionGuid = {462C4407-AF91-4891-BEB8-6F0E2C6B8C80}
	EndGlobalSection
EndGlobal
