
Microsoft Visual Studio Solution File, Format Version 12.00
# Visual Studio Version 17
VisualStudioVersion = 17.10.35122.118
MinimumVisualStudioVersion = 10.0.40219.1
Project("{FAE04EC0-301F-11D3-BF4B-00C04F79EFBC}") = "WebAPI_DB", "WebAPI_DB.csproj", "{1BD7DA65-47EF-428F-9203-121594FA3F04}"
EndProject
Global
	GlobalSection(SolutionConfigurationPlatforms) = preSolution
		Debug|Any CPU = Debug|Any CPU
		Release|Any CPU = Release|Any CPU
	EndGlobalSection
	GlobalSection(ProjectConfigurationPlatforms) = postSolution
		{1BD7DA65-47EF-428F-9203-121594FA3F04}.Debug|Any CPU.ActiveCfg = Debug|Any CPU
		{1BD7DA65-47EF-428F-9203-121594FA3F04}.Debug|Any CPU.Build.0 = Debug|Any CPU
		{1BD7DA65-47EF-428F-9203-121594FA3F04}.Release|Any CPU.ActiveCfg = Release|Any CPU
		{1BD7DA65-47EF-428F-9203-121594FA3F04}.Release|Any CPU.Build.0 = Release|Any CPU
	EndGlobalSection
	GlobalSection(SolutionProperties) = preSolution
		HideSolutionNode = FALSE
	EndGlobalSection
	GlobalSection(ExtensibilityGlobals) = postSolution
		SolutionGuid = {FA3CFF85-210D-4AE7-AD95-0D2DED4F9310}
	EndGlobalSection
EndGlobal
